
Microsoft Visual Studio Solution File, Format Version 12.00
# Visual Studio Version 16
VisualStudioVersion = 16.0.33423.256
MinimumVisualStudioVersion = 10.0.40219.1
Project("{FAE04EC0-301F-11D3-BF4B-00C04F79EFBC}") = "PersistentDivine", "PersistentDivine\PersistentDivine.csproj", "{ADC4005D-7008-434A-BC40-7A44B1CADCDA}"
EndProject
Project("{2150E333-8FDC-42A3-9474-1A3956D46DE8}") = "Solution Files", "Solution Files", "{068561CC-027B-4AC6-B060-D7F49B917CB1}"
	ProjectSection(SolutionItems) = preProject
		.github\workflows\build.yml = .github\workflows\build.yml
		.github\dependabot.yml = .github\dependabot.yml
		README.md = README.md
	EndProjectSection
EndProject
Global
	GlobalSection(SolutionConfigurationPlatforms) = preSolution
		Debug|Any CPU = Debug|Any CPU
		Release|Any CPU = Release|Any CPU
	EndGlobalSection
	GlobalSection(ProjectConfigurationPlatforms) = postSolution
		{ADC4005D-7008-434A-BC40-7A44B1CADCDA}.Debug|Any CPU.ActiveCfg = Debug|Any CPU
		{ADC4005D-7008-434A-BC40-7A44B1CADCDA}.Debug|Any CPU.Build.0 = Debug|Any CPU
		{ADC4005D-7008-434A-BC40-7A44B1CADCDA}.Release|Any CPU.ActiveCfg = Release|Any CPU
		{ADC4005D-7008-434A-BC40-7A44B1CADCDA}.Release|Any CPU.Build.0 = Release|Any CPU
	EndGlobalSection
	GlobalSection(SolutionProperties) = preSolution
		HideSolutionNode = FALSE
	EndGlobalSection
	GlobalSection(ExtensibilityGlobals) = postSolution
		SolutionGuid = {A2C5D614-9787-4A37-BFD4-DB3D72DECB6F}
	EndGlobalSection
EndGlobal
